
Microsoft Visual Studio Solution File, Format Version 11.00
# Visual C# Express 2010
Project("{FAE04EC0-301F-11D3-BF4B-00C04F79EFBC}") = "Paug", "Paug\Paug\Paug.csproj", "{C0D4F271-3E18-46CA-BBA5-FFA19E9418BF}"
EndProject
Project("{FAE04EC0-301F-11D3-BF4B-00C04F79EFBC}") = "PaugContent", "Paug\PaugContent\PaugContent.contentproj", "{37857D14-C4D4-4879-B35D-A8DBDB517F5E}"
EndProject
Global
	GlobalSection(SolutionConfigurationPlatforms) = preSolution
		Debug|x86 = Debug|x86
		Release|x86 = Release|x86
	EndGlobalSection
	GlobalSection(ProjectConfigurationPlatforms) = postSolution
		{C0D4F271-3E18-46CA-BBA5-FFA19E9418BF}.Debug|x86.ActiveCfg = Debug|x86
		{C0D4F271-3E18-46CA-BBA5-FFA19E9418BF}.Debug|x86.Build.0 = Debug|x86
		{C0D4F271-3E18-46CA-BBA5-FFA19E9418BF}.Release|x86.ActiveCfg = Release|x86
		{C0D4F271-3E18-46CA-BBA5-FFA19E9418BF}.Release|x86.Build.0 = Release|x86
		{37857D14-C4D4-4879-B35D-A8DBDB517F5E}.Debug|x86.ActiveCfg = Debug|x86
		{37857D14-C4D4-4879-B35D-A8DBDB517F5E}.Release|x86.ActiveCfg = Release|x86
	EndGlobalSection
	GlobalSection(SolutionProperties) = preSolution
		HideSolutionNode = FALSE
	EndGlobalSection
EndGlobal
